
Microsoft Visual Studio Solution File, Format Version 12.00
# Visual Studio Version 17
VisualStudioVersion = 17.0.31903.59
MinimumVisualStudioVersion = 10.0.40219.1
Project("{2150E333-8FDC-42A3-9474-1A3956D46DE8}") = "src", "src", "{D5324AB9-15C9-4904-9EB5-1BE97FD5CEFE}"
EndProject
Project("{2150E333-8FDC-42A3-9474-1A3956D46DE8}") = "test", "test", "{E614AFC9-ACF3-4A4B-8B4C-4B2110A4DCC9}"
EndProject
Project("{2150E333-8FDC-42A3-9474-1A3956D46DE8}") = "API", "API", "{60D7EDC3-3920-45F6-A75E-CCECDBD071C4}"
EndProject
Project("{2150E333-8FDC-42A3-9474-1A3956D46DE8}") = "Core", "Core", "{8EDA9E65-C392-454B-9FD8-97CB342443EC}"
EndProject
Project("{2150E333-8FDC-42A3-9474-1A3956D46DE8}") = "Infrastructure", "Infrastructure", "{DF9052BE-1A29-44D2-903B-D18D4C490F39}"
EndProject
Project("{9A19103F-16F7-4668-BE54-9A1E7A4F7556}") = "DevToClone.Backend.Domain", "DevToClone.Backend.Domain\DevToClone.Backend.Domain.csproj", "{25C01DA2-7EB0-4BC5-877A-E5BF37C1800F}"
EndProject
Project("{9A19103F-16F7-4668-BE54-9A1E7A4F7556}") = "DevToClone.Backend.Application", "DevToClone.Backend.Application\DevToClone.Backend.Application.csproj", "{11594DE7-7AAC-4455-8C1D-82104AFBA6B9}"
EndProject
Project("{9A19103F-16F7-4668-BE54-9A1E7A4F7556}") = "DevToClone.Backend.UnitTesting", "DevToClone.Backend.UnitTesting\DevToClone.Backend.UnitTesting.csproj", "{994B108B-1FFC-425D-8AAF-05621412F6B8}"
EndProject
Project("{9A19103F-16F7-4668-BE54-9A1E7A4F7556}") = "DevToClone.Backend.Persistence", "DevToClone.Backend.Persistence\DevToClone.Backend.Persistence.csproj", "{0622E9AC-422A-48FB-A047-370B74AA59E9}"
EndProject
Project("{9A19103F-16F7-4668-BE54-9A1E7A4F7556}") = "DevToClone.Backend.API", "DevToClone.Backend.API\DevToClone.Backend.API.csproj", "{0B1B345D-E61C-41C8-AD0A-98792642A527}"
EndProject
Project("{9A19103F-16F7-4668-BE54-9A1E7A4F7556}") = "DevToClone.Backend.IntegrationTesting", "DevToClone.Backend.IntegrationTesting\DevToClone.Backend.IntegrationTesting.csproj", "{B5C45BF2-31E8-4862-88D7-7222CFA4F21C}"
EndProject
Project("{FAE04EC0-301F-11D3-BF4B-00C04F79EFBC}") = "DevToClone.Backend.Identity", "DevToClone.Backend.Identity\DevToClone.Backend.Identity.csproj", "{9804AFA3-02CA-472E-860D-BB8B22625C0F}"
EndProject
Project("{FAE04EC0-301F-11D3-BF4B-00C04F79EFBC}") = "DevToClone.Backend.External", "DevToClone.Backend.External\DevToClone.Backend.External.csproj", "{845B2C3E-DB4D-491A-9012-397254A74EAE}"
EndProject
Global
	GlobalSection(SolutionConfigurationPlatforms) = preSolution
		Debug|Any CPU = Debug|Any CPU
		Debug|x64 = Debug|x64
		Debug|x86 = Debug|x86
		Release|Any CPU = Release|Any CPU
		Release|x64 = Release|x64
		Release|x86 = Release|x86
	EndGlobalSection
	GlobalSection(ProjectConfigurationPlatforms) = postSolution
		{25C01DA2-7EB0-4BC5-877A-E5BF37C1800F}.Debug|Any CPU.ActiveCfg = Debug|Any CPU
		{25C01DA2-7EB0-4BC5-877A-E5BF37C1800F}.Debug|Any CPU.Build.0 = Debug|Any CPU
		{25C01DA2-7EB0-4BC5-877A-E5BF37C1800F}.Debug|x64.ActiveCfg = Debug|Any CPU
		{25C01DA2-7EB0-4BC5-877A-E5BF37C1800F}.Debug|x64.Build.0 = Debug|Any CPU
		{25C01DA2-7EB0-4BC5-877A-E5BF37C1800F}.Debug|x86.ActiveCfg = Debug|Any CPU
		{25C01DA2-7EB0-4BC5-877A-E5BF37C1800F}.Debug|x86.Build.0 = Debug|Any CPU
		{25C01DA2-7EB0-4BC5-877A-E5BF37C1800F}.Release|Any CPU.ActiveCfg = Release|Any CPU
		{25C01DA2-7EB0-4BC5-877A-E5BF37C1800F}.Release|Any CPU.Build.0 = Release|Any CPU
		{25C01DA2-7EB0-4BC5-877A-E5BF37C1800F}.Release|x64.ActiveCfg = Release|Any CPU
		{25C01DA2-7EB0-4BC5-877A-E5BF37C1800F}.Release|x64.Build.0 = Release|Any CPU
		{25C01DA2-7EB0-4BC5-877A-E5BF37C1800F}.Release|x86.ActiveCfg = Release|Any CPU
		{25C01DA2-7EB0-4BC5-877A-E5BF37C1800F}.Release|x86.Build.0 = Release|Any CPU
		{11594DE7-7AAC-4455-8C1D-82104AFBA6B9}.Debug|Any CPU.ActiveCfg = Debug|Any CPU
		{11594DE7-7AAC-4455-8C1D-82104AFBA6B9}.Debug|Any CPU.Build.0 = Debug|Any CPU
		{11594DE7-7AAC-4455-8C1D-82104AFBA6B9}.Debug|x64.ActiveCfg = Debug|Any CPU
		{11594DE7-7AAC-4455-8C1D-82104AFBA6B9}.Debug|x64.Build.0 = Debug|Any CPU
		{11594DE7-7AAC-4455-8C1D-82104AFBA6B9}.Debug|x86.ActiveCfg = Debug|Any CPU
		{11594DE7-7AAC-4455-8C1D-82104AFBA6B9}.Debug|x86.Build.0 = Debug|Any CPU
		{11594DE7-7AAC-4455-8C1D-82104AFBA6B9}.Release|Any CPU.ActiveCfg = Release|Any CPU
		{11594DE7-7AAC-4455-8C1D-82104AFBA6B9}.Release|Any CPU.Build.0 = Release|Any CPU
		{11594DE7-7AAC-4455-8C1D-82104AFBA6B9}.Release|x64.ActiveCfg = Release|Any CPU
		{11594DE7-7AAC-4455-8C1D-82104AFBA6B9}.Release|x64.Build.0 = Release|Any CPU
		{11594DE7-7AAC-4455-8C1D-82104AFBA6B9}.Release|x86.ActiveCfg = Release|Any CPU
		{11594DE7-7AAC-4455-8C1D-82104AFBA6B9}.Release|x86.Build.0 = Release|Any CPU
		{994B108B-1FFC-425D-8AAF-05621412F6B8}.Debug|Any CPU.ActiveCfg = Debug|Any CPU
		{994B108B-1FFC-425D-8AAF-05621412F6B8}.Debug|Any CPU.Build.0 = Debug|Any CPU
		{994B108B-1FFC-425D-8AAF-05621412F6B8}.Debug|x64.ActiveCfg = Debug|Any CPU
		{994B108B-1FFC-425D-8AAF-05621412F6B8}.Debug|x64.Build.0 = Debug|Any CPU
		{994B108B-1FFC-425D-8AAF-05621412F6B8}.Debug|x86.ActiveCfg = Debug|Any CPU
		{994B108B-1FFC-425D-8AAF-05621412F6B8}.Debug|x86.Build.0 = Debug|Any CPU
		{994B108B-1FFC-425D-8AAF-05621412F6B8}.Release|Any CPU.ActiveCfg = Release|Any CPU
		{994B108B-1FFC-425D-8AAF-05621412F6B8}.Release|Any CPU.Build.0 = Release|Any CPU
		{994B108B-1FFC-425D-8AAF-05621412F6B8}.Release|x64.ActiveCfg = Release|Any CPU
		{994B108B-1FFC-425D-8AAF-05621412F6B8}.Release|x64.Build.0 = Release|Any CPU
		{994B108B-1FFC-425D-8AAF-05621412F6B8}.Release|x86.ActiveCfg = Release|Any CPU
		{994B108B-1FFC-425D-8AAF-05621412F6B8}.Release|x86.Build.0 = Release|Any CPU
		{0622E9AC-422A-48FB-A047-370B74AA59E9}.Debug|Any CPU.ActiveCfg = Debug|Any CPU
		{0622E9AC-422A-48FB-A047-370B74AA59E9}.Debug|Any CPU.Build.0 = Debug|Any CPU
		{0622E9AC-422A-48FB-A047-370B74AA59E9}.Debug|x64.ActiveCfg = Debug|Any CPU
		{0622E9AC-422A-48FB-A047-370B74AA59E9}.Debug|x64.Build.0 = Debug|Any CPU
		{0622E9AC-422A-48FB-A047-370B74AA59E9}.Debug|x86.ActiveCfg = Debug|Any CPU
		{0622E9AC-422A-48FB-A047-370B74AA59E9}.Debug|x86.Build.0 = Debug|Any CPU
		{0622E9AC-422A-48FB-A047-370B74AA59E9}.Release|Any CPU.ActiveCfg = Release|Any CPU
		{0622E9AC-422A-48FB-A047-370B74AA59E9}.Release|Any CPU.Build.0 = Release|Any CPU
		{0622E9AC-422A-48FB-A047-370B74AA59E9}.Release|x64.ActiveCfg = Release|Any CPU
		{0622E9AC-422A-48FB-A047-370B74AA59E9}.Release|x64.Build.0 = Release|Any CPU
		{0622E9AC-422A-48FB-A047-370B74AA59E9}.Release|x86.ActiveCfg = Release|Any CPU
		{0622E9AC-422A-48FB-A047-370B74AA59E9}.Release|x86.Build.0 = Release|Any CPU
		{0B1B345D-E61C-41C8-AD0A-98792642A527}.Debug|Any CPU.ActiveCfg = Debug|Any CPU
		{0B1B345D-E61C-41C8-AD0A-98792642A527}.Debug|Any CPU.Build.0 = Debug|Any CPU
		{0B1B345D-E61C-41C8-AD0A-98792642A527}.Debug|x64.ActiveCfg = Debug|Any CPU
		{0B1B345D-E61C-41C8-AD0A-98792642A527}.Debug|x64.Build.0 = Debug|Any CPU
		{0B1B345D-E61C-41C8-AD0A-98792642A527}.Debug|x86.ActiveCfg = Debug|Any CPU
		{0B1B345D-E61C-41C8-AD0A-98792642A527}.Debug|x86.Build.0 = Debug|Any CPU
		{0B1B345D-E61C-41C8-AD0A-98792642A527}.Release|Any CPU.ActiveCfg = Release|Any CPU
		{0B1B345D-E61C-41C8-AD0A-98792642A527}.Release|Any CPU.Build.0 = Release|Any CPU
		{0B1B345D-E61C-41C8-AD0A-98792642A527}.Release|x64.ActiveCfg = Release|Any CPU
		{0B1B345D-E61C-41C8-AD0A-98792642A527}.Release|x64.Build.0 = Release|Any CPU
		{0B1B345D-E61C-41C8-AD0A-98792642A527}.Release|x86.ActiveCfg = Release|Any CPU
		{0B1B345D-E61C-41C8-AD0A-98792642A527}.Release|x86.Build.0 = Release|Any CPU
		{B5C45BF2-31E8-4862-88D7-7222CFA4F21C}.Debug|Any CPU.ActiveCfg = Debug|Any CPU
		{B5C45BF2-31E8-4862-88D7-7222CFA4F21C}.Debug|Any CPU.Build.0 = Debug|Any CPU
		{B5C45BF2-31E8-4862-88D7-7222CFA4F21C}.Debug|x64.ActiveCfg = Debug|Any CPU
		{B5C45BF2-31E8-4862-88D7-7222CFA4F21C}.Debug|x64.Build.0 = Debug|Any CPU
		{B5C45BF2-31E8-4862-88D7-7222CFA4F21C}.Debug|x86.ActiveCfg = Debug|Any CPU
		{B5C45BF2-31E8-4862-88D7-7222CFA4F21C}.Debug|x86.Build.0 = Debug|Any CPU
		{B5C45BF2-31E8-4862-88D7-7222CFA4F21C}.Release|Any CPU.ActiveCfg = Release|Any CPU
		{B5C45BF2-31E8-4862-88D7-7222CFA4F21C}.Release|Any CPU.Build.0 = Release|Any CPU
		{B5C45BF2-31E8-4862-88D7-7222CFA4F21C}.Release|x64.ActiveCfg = Release|Any CPU
		{B5C45BF2-31E8-4862-88D7-7222CFA4F21C}.Release|x64.Build.0 = Release|Any CPU
		{B5C45BF2-31E8-4862-88D7-7222CFA4F21C}.Release|x86.ActiveCfg = Release|Any CPU
		{B5C45BF2-31E8-4862-88D7-7222CFA4F21C}.Release|x86.Build.0 = Release|Any CPU
		{9804AFA3-02CA-472E-860D-BB8B22625C0F}.Debug|Any CPU.ActiveCfg = Debug|Any CPU
		{9804AFA3-02CA-472E-860D-BB8B22625C0F}.Debug|Any CPU.Build.0 = Debug|Any CPU
		{9804AFA3-02CA-472E-860D-BB8B22625C0F}.Debug|x64.ActiveCfg = Debug|Any CPU
		{9804AFA3-02CA-472E-860D-BB8B22625C0F}.Debug|x64.Build.0 = Debug|Any CPU
		{9804AFA3-02CA-472E-860D-BB8B22625C0F}.Debug|x86.ActiveCfg = Debug|Any CPU
		{9804AFA3-02CA-472E-860D-BB8B22625C0F}.Debug|x86.Build.0 = Debug|Any CPU
		{9804AFA3-02CA-472E-860D-BB8B22625C0F}.Release|Any CPU.ActiveCfg = Release|Any CPU
		{9804AFA3-02CA-472E-860D-BB8B22625C0F}.Release|Any CPU.Build.0 = Release|Any CPU
		{9804AFA3-02CA-472E-860D-BB8B22625C0F}.Release|x64.ActiveCfg = Release|Any CPU
		{9804AFA3-02CA-472E-860D-BB8B22625C0F}.Release|x64.Build.0 = Release|Any CPU
		{9804AFA3-02CA-472E-860D-BB8B22625C0F}.Release|x86.ActiveCfg = Release|Any CPU
		{9804AFA3-02CA-472E-860D-BB8B22625C0F}.Release|x86.Build.0 = Release|Any CPU
		{845B2C3E-DB4D-491A-9012-397254A74EAE}.Debug|Any CPU.ActiveCfg = Debug|Any CPU
		{845B2C3E-DB4D-491A-9012-397254A74EAE}.Debug|Any CPU.Build.0 = Debug|Any CPU
		{845B2C3E-DB4D-491A-9012-397254A74EAE}.Debug|x64.ActiveCfg = Debug|Any CPU
		{845B2C3E-DB4D-491A-9012-397254A74EAE}.Debug|x64.Build.0 = Debug|Any CPU
		{845B2C3E-DB4D-491A-9012-397254A74EAE}.Debug|x86.ActiveCfg = Debug|Any CPU
		{845B2C3E-DB4D-491A-9012-397254A74EAE}.Debug|x86.Build.0 = Debug|Any CPU
		{845B2C3E-DB4D-491A-9012-397254A74EAE}.Release|Any CPU.ActiveCfg = Release|Any CPU
		{845B2C3E-DB4D-491A-9012-397254A74EAE}.Release|Any CPU.Build.0 = Release|Any CPU
		{845B2C3E-DB4D-491A-9012-397254A74EAE}.Release|x64.ActiveCfg = Release|Any CPU
		{845B2C3E-DB4D-491A-9012-397254A74EAE}.Release|x64.Build.0 = Release|Any CPU
		{845B2C3E-DB4D-491A-9012-397254A74EAE}.Release|x86.ActiveCfg = Release|Any CPU
		{845B2C3E-DB4D-491A-9012-397254A74EAE}.Release|x86.Build.0 = Release|Any CPU
	EndGlobalSection
	GlobalSection(SolutionProperties) = preSolution
		HideSolutionNode = FALSE
	EndGlobalSection
	GlobalSection(NestedProjects) = preSolution
		{60D7EDC3-3920-45F6-A75E-CCECDBD071C4} = {D5324AB9-15C9-4904-9EB5-1BE97FD5CEFE}
		{8EDA9E65-C392-454B-9FD8-97CB342443EC} = {D5324AB9-15C9-4904-9EB5-1BE97FD5CEFE}
		{DF9052BE-1A29-44D2-903B-D18D4C490F39} = {D5324AB9-15C9-4904-9EB5-1BE97FD5CEFE}
		{25C01DA2-7EB0-4BC5-877A-E5BF37C1800F} = {8EDA9E65-C392-454B-9FD8-97CB342443EC}
		{11594DE7-7AAC-4455-8C1D-82104AFBA6B9} = {8EDA9E65-C392-454B-9FD8-97CB342443EC}
		{994B108B-1FFC-425D-8AAF-05621412F6B8} = {E614AFC9-ACF3-4A4B-8B4C-4B2110A4DCC9}
		{0622E9AC-422A-48FB-A047-370B74AA59E9} = {DF9052BE-1A29-44D2-903B-D18D4C490F39}
		{0B1B345D-E61C-41C8-AD0A-98792642A527} = {60D7EDC3-3920-45F6-A75E-CCECDBD071C4}
		{B5C45BF2-31E8-4862-88D7-7222CFA4F21C} = {E614AFC9-ACF3-4A4B-8B4C-4B2110A4DCC9}
		{9804AFA3-02CA-472E-860D-BB8B22625C0F} = {DF9052BE-1A29-44D2-903B-D18D4C490F39}
		{845B2C3E-DB4D-491A-9012-397254A74EAE} = {DF9052BE-1A29-44D2-903B-D18D4C490F39}
	EndGlobalSection
	GlobalSection(ExtensibilityGlobals) = postSolution
		SolutionGuid = {586AAFDB-D701-4D6C-BCA8-E943E991A207}
	EndGlobalSection
EndGlobal
